
Microsoft Visual Studio Solution File, Format Version 12.00
# Visual Studio Version 16
VisualStudioVersion = 16.0.36631.11
MinimumVisualStudioVersion = 10.0.40219.1
Project("{FAE04EC0-301F-11D3-BF4B-00C04F79EFBC}") = "SpotSync", "SpotSync\SpotSync.csproj", "{4B95C1D0-D374-4248-B936-9A43042E906B}"
EndProject
Project("{FAE04EC0-301F-11D3-BF4B-00C04F79EFBC}") = "ProgressBar", "..\..\Solution_AutoHoleInspector\ProgressBar\ProgressBar\ProgressBar.csproj", "{D78E6E5B-6278-4240-A2F4-5B247CD6FD83}"
EndProject
Global
	GlobalSection(SolutionConfigurationPlatforms) = preSolution
		Debug|Any CPU = Debug|Any CPU
		Release|Any CPU = Release|Any CPU
	EndGlobalSection
	GlobalSection(ProjectConfigurationPlatforms) = postSolution
		{4B95C1D0-D374-4248-B936-9A43042E906B}.Debug|Any CPU.ActiveCfg = Debug|Any CPU
		{4B95C1D0-D374-4248-B936-9A43042E906B}.Debug|Any CPU.Build.0 = Debug|Any CPU
		{4B95C1D0-D374-4248-B936-9A43042E906B}.Release|Any CPU.ActiveCfg = Release|Any CPU
		{4B95C1D0-D374-4248-B936-9A43042E906B}.Release|Any CPU.Build.0 = Release|Any CPU
		{D78E6E5B-6278-4240-A2F4-5B247CD6FD83}.Debug|Any CPU.ActiveCfg = Debug|Any CPU
		{D78E6E5B-6278-4240-A2F4-5B247CD6FD83}.Debug|Any CPU.Build.0 = Debug|Any CPU
		{D78E6E5B-6278-4240-A2F4-5B247CD6FD83}.Release|Any CPU.ActiveCfg = Release|Any CPU
		{D78E6E5B-6278-4240-A2F4-5B247CD6FD83}.Release|Any CPU.Build.0 = Release|Any CPU
	EndGlobalSection
	GlobalSection(SolutionProperties) = preSolution
		HideSolutionNode = FALSE
	EndGlobalSection
	GlobalSection(ExtensibilityGlobals) = postSolution
		SolutionGuid = {B4832187-850F-4476-802E-15E9F81DA98B}
	EndGlobalSection
EndGlobal
